// !$*UTF8*$!
{
	archiveVersion = 1;
	classes = {
	};
	objectVersion = 46;
	objects = {

/* Begin PBXBuildFile section */
		DC45C24B1E68084300E30FE2 /* OneViewController.m in Sources */ = {isa = PBXBuildFile; fileRef = DC45C24A1E68084300E30FE2 /* OneViewController.m */; };
		DC45C24E1E68126000E30FE2 /* CountDownLabel.m in Sources */ = {isa = PBXBuildFile; fileRef = DC45C24D1E68126000E30FE2 /* CountDownLabel.m */; };
		DC45C2521E6827F200E30FE2 /* PywTimerManager.m in Sources */ = {isa = PBXBuildFile; fileRef = DC45C2511E6827F200E30FE2 /* PywTimerManager.m */; };
		DCAE346A1E66600600B808DE /* PywToast.m in Sources */ = {isa = PBXBuildFile; fileRef = DCAE34691E66600600B808DE /* PywToast.m */; };
		DCAE34781E666B0100B808DE /* toast_error.png in Resources */ = {isa = PBXBuildFile; fileRef = DCAE346C1E666B0100B808DE /* toast_error.png */; };
		DCAE34791E666B0100B808DE /* toast_error@2x.png in Resources */ = {isa = PBXBuildFile; fileRef = DCAE346D1E666B0100B808DE /* toast_error@2x.png */; };
		DCAE347A1E666B0100B808DE /* toast_error@3x.png in Resources */ = {isa = PBXBuildFile; fileRef = DCAE346E1E666B0100B808DE /* toast_error@3x.png */; };
		DCAE347B1E666B0100B808DE /* toast_info.png in Resources */ = {isa = PBXBuildFile; fileRef = DCAE346F1E666B0100B808DE /* toast_info.png */; };
		DCAE347C1E666B0100B808DE /* toast_info@2x.png in Resources */ = {isa = PBXBuildFile; fileRef = DCAE34701E666B0100B808DE /* toast_info@2x.png */; };
		DCAE347D1E666B0100B808DE /* toast_info@3x.png in Resources */ = {isa = PBXBuildFile; fileRef = DCAE34711E666B0100B808DE /* toast_info@3x.png */; };
		DCAE347E1E666B0100B808DE /* toast_success.png in Resources */ = {isa = PBXBuildFile; fileRef = DCAE34721E666B0100B808DE /* toast_success.png */; };
		DCAE347F1E666B0100B808DE /* toast_success@2x.png in Resources */ = {isa = PBXBuildFile; fileRef = DCAE34731E666B0100B808DE /* toast_success@2x.png */; };
		DCAE34801E666B0100B808DE /* toast_success@3x.png in Resources */ = {isa = PBXBuildFile; fileRef = DCAE34741E666B0100B808DE /* toast_success@3x.png */; };
		DCAE34811E666B0100B808DE /* toast_warning.png in Resources */ = {isa = PBXBuildFile; fileRef = DCAE34751E666B0100B808DE /* toast_warning.png */; };
		DCAE34821E666B0100B808DE /* toast_warning@2x.png in Resources */ = {isa = PBXBuildFile; fileRef = DCAE34761E666B0100B808DE /* toast_warning@2x.png */; };
		DCAE34831E666B0100B808DE /* toast_warning@3x.png in Resources */ = {isa = PBXBuildFile; fileRef = DCAE34771E666B0100B808DE /* toast_warning@3x.png */; };
		DCAE34861E66725E00B808DE /* PywProgressHUD.m in Sources */ = {isa = PBXBuildFile; fileRef = DCAE34851E66725E00B808DE /* PywProgressHUD.m */; };
		DCAE34891E669D6600B808DE /* PywHUDManager.m in Sources */ = {isa = PBXBuildFile; fileRef = DCAE34881E669D6600B808DE /* PywHUDManager.m */; };
		DCE5DDA31E654AD000796094 /* main.m in Sources */ = {isa = PBXBuildFile; fileRef = DCE5DDA21E654AD000796094 /* main.m */; };
		DCE5DDA61E654AD000796094 /* AppDelegate.m in Sources */ = {isa = PBXBuildFile; fileRef = DCE5DDA51E654AD000796094 /* AppDelegate.m */; };
		DCE5DDA91E654AD000796094 /* ViewController.m in Sources */ = {isa = PBXBuildFile; fileRef = DCE5DDA81E654AD000796094 /* ViewController.m */; };
		DCE5DDAC1E654AD000796094 /* Main.storyboard in Resources */ = {isa = PBXBuildFile; fileRef = DCE5DDAA1E654AD000796094 /* Main.storyboard */; };
		DCE5DDAE1E654AD000796094 /* Assets.xcassets in Resources */ = {isa = PBXBuildFile; fileRef = DCE5DDAD1E654AD000796094 /* Assets.xcassets */; };
		DCE5DDB11E654AD000796094 /* LaunchScreen.storyboard in Resources */ = {isa = PBXBuildFile; fileRef = DCE5DDAF1E654AD000796094 /* LaunchScreen.storyboard */; };
		DCE5DDBC1E654AD000796094 /* PywAppDemoTests.m in Sources */ = {isa = PBXBuildFile; fileRef = DCE5DDBB1E654AD000796094 /* PywAppDemoTests.m */; };
		DCE5DDC71E654AD000796094 /* PywAppDemoUITests.m in Sources */ = {isa = PBXBuildFile; fileRef = DCE5DDC61E654AD000796094 /* PywAppDemoUITests.m */; };
		DCE5DDDB1E654B5C00796094 /* PywCustomButton.m in Sources */ = {isa = PBXBuildFile; fileRef = DCE5DDDA1E654B5C00796094 /* PywCustomButton.m */; };
/* End PBXBuildFile section */

/* Begin PBXContainerItemProxy section */
		DCE5DDB81E654AD000796094 /* PBXContainerItemProxy */ = {
			isa = PBXContainerItemProxy;
			containerPortal = DCE5DD961E654AD000796094 /* Project object */;
			proxyType = 1;
			remoteGlobalIDString = DCE5DD9D1E654AD000796094;
			remoteInfo = PywAppDemo;
		};
		DCE5DDC31E654AD000796094 /* PBXContainerItemProxy */ = {
			isa = PBXContainerItemProxy;
			containerPortal = DCE5DD961E654AD000796094 /* Project object */;
			proxyType = 1;
			remoteGlobalIDString = DCE5DD9D1E654AD000796094;
			remoteInfo = PywAppDemo;
		};
/* End PBXContainerItemProxy section */

/* Begin PBXFileReference section */
		DC45C2491E68084300E30FE2 /* OneViewController.h */ = {isa = PBXFileReference; fileEncoding = 4; lastKnownFileType = sourcecode.c.h; path = OneViewController.h; sourceTree = "<group>"; };
		DC45C24A1E68084300E30FE2 /* OneViewController.m */ = {isa = PBXFileReference; fileEncoding = 4; lastKnownFileType = sourcecode.c.objc; path = OneViewController.m; sourceTree = "<group>"; };
		DC45C24C1E68126000E30FE2 /* CountDownLabel.h */ = {isa = PBXFileReference; fileEncoding = 4; lastKnownFileType = sourcecode.c.h; path = CountDownLabel.h; sourceTree = "<group>"; };
		DC45C24D1E68126000E30FE2 /* CountDownLabel.m */ = {isa = PBXFileReference; fileEncoding = 4; lastKnownFileType = sourcecode.c.objc; path = CountDownLabel.m; sourceTree = "<group>"; };
		DC45C2501E6827F200E30FE2 /* PywTimerManager.h */ = {isa = PBXFileReference; fileEncoding = 4; lastKnownFileType = sourcecode.c.h; path = PywTimerManager.h; sourceTree = "<group>"; };
		DC45C2511E6827F200E30FE2 /* PywTimerManager.m */ = {isa = PBXFileReference; fileEncoding = 4; lastKnownFileType = sourcecode.c.objc; path = PywTimerManager.m; sourceTree = "<group>"; };
		DCAE34681E66600600B808DE /* PywToast.h */ = {isa = PBXFileReference; fileEncoding = 4; lastKnownFileType = sourcecode.c.h; path = PywToast.h; sourceTree = "<group>"; };
		DCAE34691E66600600B808DE /* PywToast.m */ = {isa = PBXFileReference; fileEncoding = 4; lastKnownFileType = sourcecode.c.objc; path = PywToast.m; sourceTree = "<group>"; };
		DCAE346C1E666B0100B808DE /* toast_error.png */ = {isa = PBXFileReference; lastKnownFileType = image.png; path = toast_error.png; sourceTree = "<group>"; };
		DCAE346D1E666B0100B808DE /* toast_error@2x.png */ = {isa = PBXFileReference; lastKnownFileType = image.png; path = "toast_error@2x.png"; sourceTree = "<group>"; };
		DCAE346E1E666B0100B808DE /* toast_error@3x.png */ = {isa = PBXFileReference; lastKnownFileType = image.png; path = "toast_error@3x.png"; sourceTree = "<group>"; };
		DCAE346F1E666B0100B808DE /* toast_info.png */ = {isa = PBXFileReference; lastKnownFileType = image.png; path = toast_info.png; sourceTree = "<group>"; };
		DCAE34701E666B0100B808DE /* toast_info@2x.png */ = {isa = PBXFileReference; lastKnownFileType = image.png; path = "toast_info@2x.png"; sourceTree = "<group>"; };
		DCAE34711E666B0100B808DE /* toast_info@3x.png */ = {isa = PBXFileReference; lastKnownFileType = image.png; path = "toast_info@3x.png"; sourceTree = "<group>"; };
		DCAE34721E666B0100B808DE /* toast_success.png */ = {isa = PBXFileReference; lastKnownFileType = image.png; path = toast_success.png; sourceTree = "<group>"; };
		DCAE34731E666B0100B808DE /* toast_success@2x.png */ = {isa = PBXFileReference; lastKnownFileType = image.png; path = "toast_success@2x.png"; sourceTree = "<group>"; };
		DCAE34741E666B0100B808DE /* toast_success@3x.png */ = {isa = PBXFileReference; lastKnownFileType = image.png; path = "toast_success@3x.png"; sourceTree = "<group>"; };
		DCAE34751E666B0100B808DE /* toast_warning.png */ = {isa = PBXFileReference; lastKnownFileType = image.png; path = toast_warning.png; sourceTree = "<group>"; };
		DCAE34761E666B0100B808DE /* toast_warning@2x.png */ = {isa = PBXFileReference; lastKnownFileType = image.png; path = "toast_warning@2x.png"; sourceTree = "<group>"; };
		DCAE34771E666B0100B808DE /* toast_warning@3x.png */ = {isa = PBXFileReference; lastKnownFileType = image.png; path = "toast_warning@3x.png"; sourceTree = "<group>"; };
		DCAE34841E66725E00B808DE /* PywProgressHUD.h */ = {isa = PBXFileReference; fileEncoding = 4; lastKnownFileType = sourcecode.c.h; path = PywProgressHUD.h; sourceTree = "<group>"; };
		DCAE34851E66725E00B808DE /* PywProgressHUD.m */ = {isa = PBXFileReference; fileEncoding = 4; lastKnownFileType = sourcecode.c.objc; path = PywProgressHUD.m; sourceTree = "<group>"; };
		DCAE34871E669D6600B808DE /* PywHUDManager.h */ = {isa = PBXFileReference; fileEncoding = 4; lastKnownFileType = sourcecode.c.h; path = PywHUDManager.h; sourceTree = "<group>"; };
		DCAE34881E669D6600B808DE /* PywHUDManager.m */ = {isa = PBXFileReference; fileEncoding = 4; lastKnownFileType = sourcecode.c.objc; path = PywHUDManager.m; sourceTree = "<group>"; };
		DCE5DD9E1E654AD000796094 /* PywAppDemo.app */ = {isa = PBXFileReference; explicitFileType = wrapper.application; includeInIndex = 0; path = PywAppDemo.app; sourceTree = BUILT_PRODUCTS_DIR; };
		DCE5DDA21E654AD000796094 /* main.m */ = {isa = PBXFileReference; lastKnownFileType = sourcecode.c.objc; path = main.m; sourceTree = "<group>"; };
		DCE5DDA41E654AD000796094 /* AppDelegate.h */ = {isa = PBXFileReference; lastKnownFileType = sourcecode.c.h; path = AppDelegate.h; sourceTree = "<group>"; };
		DCE5DDA51E654AD000796094 /* AppDelegate.m */ = {isa = PBXFileReference; lastKnownFileType = sourcecode.c.objc; path = AppDelegate.m; sourceTree = "<group>"; };
		DCE5DDA71E654AD000796094 /* ViewController.h */ = {isa = PBXFileReference; lastKnownFileType = sourcecode.c.h; path = ViewController.h; sourceTree = "<group>"; };
		DCE5DDA81E654AD000796094 /* ViewController.m */ = {isa = PBXFileReference; lastKnownFileType = sourcecode.c.objc; path = ViewController.m; sourceTree = "<group>"; };
		DCE5DDAB1E654AD000796094 /* Base */ = {isa = PBXFileReference; lastKnownFileType = file.storyboard; name = Base; path = Base.lproj/Main.storyboard; sourceTree = "<group>"; };
		DCE5DDAD1E654AD000796094 /* Assets.xcassets */ = {isa = PBXFileReference; lastKnownFileType = folder.assetcatalog; path = Assets.xcassets; sourceTree = "<group>"; };
		DCE5DDB01E654AD000796094 /* Base */ = {isa = PBXFileReference; lastKnownFileType = file.storyboard; name = Base; path = Base.lproj/LaunchScreen.storyboard; sourceTree = "<group>"; };
		DCE5DDB21E654AD000796094 /* Info.plist */ = {isa = PBXFileReference; lastKnownFileType = text.plist.xml; path = Info.plist; sourceTree = "<group>"; };
		DCE5DDB71E654AD000796094 /* PywAppDemoTests.xctest */ = {isa = PBXFileReference; explicitFileType = wrapper.cfbundle; includeInIndex = 0; path = PywAppDemoTests.xctest; sourceTree = BUILT_PRODUCTS_DIR; };
		DCE5DDBB1E654AD000796094 /* PywAppDemoTests.m */ = {isa = PBXFileReference; lastKnownFileType = sourcecode.c.objc; path = PywAppDemoTests.m; sourceTree = "<group>"; };
		DCE5DDBD1E654AD000796094 /* Info.plist */ = {isa = PBXFileReference; lastKnownFileType = text.plist.xml; path = Info.plist; sourceTree = "<group>"; };
		DCE5DDC21E654AD000796094 /* PywAppDemoUITests.xctest */ = {isa = PBXFileReference; explicitFileType = wrapper.cfbundle; includeInIndex = 0; path = PywAppDemoUITests.xctest; sourceTree = BUILT_PRODUCTS_DIR; };
		DCE5DDC61E654AD000796094 /* PywAppDemoUITests.m */ = {isa = PBXFileReference; lastKnownFileType = sourcecode.c.objc; path = PywAppDemoUITests.m; sourceTree = "<group>"; };
		DCE5DDC81E654AD000796094 /* Info.plist */ = {isa = PBXFileReference; lastKnownFileType = text.plist.xml; path = Info.plist; sourceTree = "<group>"; };
		DCE5DDD91E654B5C00796094 /* PywCustomButton.h */ = {isa = PBXFileReference; fileEncoding = 4; lastKnownFileType = sourcecode.c.h; path = PywCustomButton.h; sourceTree = "<group>"; };
		DCE5DDDA1E654B5C00796094 /* PywCustomButton.m */ = {isa = PBXFileReference; fileEncoding = 4; lastKnownFileType = sourcecode.c.objc; path = PywCustomButton.m; sourceTree = "<group>"; };
/* End PBXFileReference section */

/* Begin PBXFrameworksBuildPhase section */
		DCE5DD9B1E654AD000796094 /* Frameworks */ = {
			isa = PBXFrameworksBuildPhase;
			buildActionMask = 2147483647;
			files = (
			);
			runOnlyForDeploymentPostprocessing = 0;
		};
		DCE5DDB41E654AD000796094 /* Frameworks */ = {
			isa = PBXFrameworksBuildPhase;
			buildActionMask = 2147483647;
			files = (
			);
			runOnlyForDeploymentPostprocessing = 0;
		};
		DCE5DDBF1E654AD000796094 /* Frameworks */ = {
			isa = PBXFrameworksBuildPhase;
			buildActionMask = 2147483647;
			files = (
			);
			runOnlyForDeploymentPostprocessing = 0;
		};
/* End PBXFrameworksBuildPhase section */

/* Begin PBXGroup section */
		DC45C24F1E6827CB00E30FE2 /* TimerManager */ = {
			isa = PBXGroup;
			children = (
				DC45C2501E6827F200E30FE2 /* PywTimerManager.h */,
				DC45C2511E6827F200E30FE2 /* PywTimerManager.m */,
			);
			path = TimerManager;
			sourceTree = "<group>";
		};
		DCAE34671E665FE900B808DE /* PywHUD */ = {
			isa = PBXGroup;
			children = (
				DCAE346B1E666B0100B808DE /* Assets */,
				DCAE34681E66600600B808DE /* PywToast.h */,
				DCAE34691E66600600B808DE /* PywToast.m */,
				DCAE34841E66725E00B808DE /* PywProgressHUD.h */,
				DCAE34851E66725E00B808DE /* PywProgressHUD.m */,
				DCAE34871E669D6600B808DE /* PywHUDManager.h */,
				DCAE34881E669D6600B808DE /* PywHUDManager.m */,
			);
			path = PywHUD;
			sourceTree = "<group>";
		};
		DCAE346B1E666B0100B808DE /* Assets */ = {
			isa = PBXGroup;
			children = (
				DCAE346C1E666B0100B808DE /* toast_error.png */,
				DCAE346D1E666B0100B808DE /* toast_error@2x.png */,
				DCAE346E1E666B0100B808DE /* toast_error@3x.png */,
				DCAE346F1E666B0100B808DE /* toast_info.png */,
				DCAE34701E666B0100B808DE /* toast_info@2x.png */,
				DCAE34711E666B0100B808DE /* toast_info@3x.png */,
				DCAE34721E666B0100B808DE /* toast_success.png */,
				DCAE34731E666B0100B808DE /* toast_success@2x.png */,
				DCAE34741E666B0100B808DE /* toast_success@3x.png */,
				DCAE34751E666B0100B808DE /* toast_warning.png */,
				DCAE34761E666B0100B808DE /* toast_warning@2x.png */,
				DCAE34771E666B0100B808DE /* toast_warning@3x.png */,
			);
			path = Assets;
			sourceTree = "<group>";
		};
		DCE5DD951E654AD000796094 = {
			isa = PBXGroup;
			children = (
				DCE5DDA01E654AD000796094 /* PywAppDemo */,
				DCE5DDBA1E654AD000796094 /* PywAppDemoTests */,
				DCE5DDC51E654AD000796094 /* PywAppDemoUITests */,
				DCE5DD9F1E654AD000796094 /* Products */,
			);
			sourceTree = "<group>";
		};
		DCE5DD9F1E654AD000796094 /* Products */ = {
			isa = PBXGroup;
			children = (
				DCE5DD9E1E654AD000796094 /* PywAppDemo.app */,
				DCE5DDB71E654AD000796094 /* PywAppDemoTests.xctest */,
				DCE5DDC21E654AD000796094 /* PywAppDemoUITests.xctest */,
			);
			name = Products;
			sourceTree = "<group>";
		};
		DCE5DDA01E654AD000796094 /* PywAppDemo */ = {
			isa = PBXGroup;
			children = (
				DC45C24F1E6827CB00E30FE2 /* TimerManager */,
				DCAE34671E665FE900B808DE /* PywHUD */,
				DCE5DDD81E654B5C00796094 /* PywButton */,
				DCE5DDA41E654AD000796094 /* AppDelegate.h */,
				DCE5DDA51E654AD000796094 /* AppDelegate.m */,
				DCE5DDA71E654AD000796094 /* ViewController.h */,
				DCE5DDA81E654AD000796094 /* ViewController.m */,
				DCE5DDAA1E654AD000796094 /* Main.storyboard */,
				DCE5DDAD1E654AD000796094 /* Assets.xcassets */,
				DCE5DDAF1E654AD000796094 /* LaunchScreen.storyboard */,
				DCE5DDB21E654AD000796094 /* Info.plist */,
				DCE5DDA11E654AD000796094 /* Supporting Files */,
				DC45C2491E68084300E30FE2 /* OneViewController.h */,
				DC45C24A1E68084300E30FE2 /* OneViewController.m */,
				DC45C24C1E68126000E30FE2 /* CountDownLabel.h */,
				DC45C24D1E68126000E30FE2 /* CountDownLabel.m */,
			);
			path = PywAppDemo;
			sourceTree = "<group>";
		};
		DCE5DDA11E654AD000796094 /* Supporting Files */ = {
			isa = PBXGroup;
			children = (
				DCE5DDA21E654AD000796094 /* main.m */,
			);
			name = "Supporting Files";
			sourceTree = "<group>";
		};
		DCE5DDBA1E654AD000796094 /* PywAppDemoTests */ = {
			isa = PBXGroup;
			children = (
				DCE5DDBB1E654AD000796094 /* PywAppDemoTests.m */,
				DCE5DDBD1E654AD000796094 /* Info.plist */,
			);
			path = PywAppDemoTests;
			sourceTree = "<group>";
		};
		DCE5DDC51E654AD000796094 /* PywAppDemoUITests */ = {
			isa = PBXGroup;
			children = (
				DCE5DDC61E654AD000796094 /* PywAppDemoUITests.m */,
				DCE5DDC81E654AD000796094 /* Info.plist */,
			);
			path = PywAppDemoUITests;
			sourceTree = "<group>";
		};
		DCE5DDD81E654B5C00796094 /* PywButton */ = {
			isa = PBXGroup;
			children = (
				DCE5DDD91E654B5C00796094 /* PywCustomButton.h */,
				DCE5DDDA1E654B5C00796094 /* PywCustomButton.m */,
			);
			path = PywButton;
			sourceTree = "<group>";
		};
/* End PBXGroup section */

/* Begin PBXNativeTarget section */
		DCE5DD9D1E654AD000796094 /* PywAppDemo */ = {
			isa = PBXNativeTarget;
			buildConfigurationList = DCE5DDCB1E654AD000796094 /* Build configuration list for PBXNativeTarget "PywAppDemo" */;
			buildPhases = (
				DCE5DD9A1E654AD000796094 /* Sources */,
				DCE5DD9B1E654AD000796094 /* Frameworks */,
				DCE5DD9C1E654AD000796094 /* Resources */,
			);
			buildRules = (
			);
			dependencies = (
			);
			name = PywAppDemo;
			productName = PywAppDemo;
			productReference = DCE5DD9E1E654AD000796094 /* PywAppDemo.app */;
			productType = "com.apple.product-type.application";
		};
		DCE5DDB61E654AD000796094 /* PywAppDemoTests */ = {
			isa = PBXNativeTarget;
			buildConfigurationList = DCE5DDCE1E654AD000796094 /* Build configuration list for PBXNativeTarget "PywAppDemoTests" */;
			buildPhases = (
				DCE5DDB31E654AD000796094 /* Sources */,
				DCE5DDB41E654AD000796094 /* Frameworks */,
				DCE5DDB51E654AD000796094 /* Resources */,
			);
			buildRules = (
			);
			dependencies = (
				DCE5DDB91E654AD000796094 /* PBXTargetDependency */,
			);
			name = PywAppDemoTests;
			productName = PywAppDemoTests;
			productReference = DCE5DDB71E654AD000796094 /* PywAppDemoTests.xctest */;
			productType = "com.apple.product-type.bundle.unit-test";
		};
		DCE5DDC11E654AD000796094 /* PywAppDemoUITests */ = {
			isa = PBXNativeTarget;
			buildConfigurationList = DCE5DDD11E654AD000796094 /* Build configuration list for PBXNativeTarget "PywAppDemoUITests" */;
			buildPhases = (
				DCE5DDBE1E654AD000796094 /* Sources */,
				DCE5DDBF1E654AD000796094 /* Frameworks */,
				DCE5DDC01E654AD000796094 /* Resources */,
			);
			buildRules = (
			);
			dependencies = (
				DCE5DDC41E654AD000796094 /* PBXTargetDependency */,
			);
			name = PywAppDemoUITests;
			productName = PywAppDemoUITests;
			productReference = DCE5DDC21E654AD000796094 /* PywAppDemoUITests.xctest */;
			productType = "com.apple.product-type.bundle.ui-testing";
		};
/* End PBXNativeTarget section */

/* Begin PBXProject section */
		DCE5DD961E654AD000796094 /* Project object */ = {
			isa = PBXProject;
			attributes = {
				LastUpgradeCheck = 0820;
				ORGANIZATIONNAME = Ampaw;
				TargetAttributes = {
					DCE5DD9D1E654AD000796094 = {
						CreatedOnToolsVersion = 8.2.1;
						ProvisioningStyle = Automatic;
					};
					DCE5DDB61E654AD000796094 = {
						CreatedOnToolsVersion = 8.2.1;
						ProvisioningStyle = Automatic;
						TestTargetID = DCE5DD9D1E654AD000796094;
					};
					DCE5DDC11E654AD000796094 = {
						CreatedOnToolsVersion = 8.2.1;
						ProvisioningStyle = Automatic;
						TestTargetID = DCE5DD9D1E654AD000796094;
					};
				};
			};
			buildConfigurationList = DCE5DD991E654AD000796094 /* Build configuration list for PBXProject "PywAppDemo" */;
			compatibilityVersion = "Xcode 3.2";
			developmentRegion = English;
			hasScannedForEncodings = 0;
			knownRegions = (
				en,
				Base,
			);
			mainGroup = DCE5DD951E654AD000796094;
			productRefGroup = DCE5DD9F1E654AD000796094 /* Products */;
			projectDirPath = "";
			projectRoot = "";
			targets = (
				DCE5DD9D1E654AD000796094 /* PywAppDemo */,
				DCE5DDB61E654AD000796094 /* PywAppDemoTests */,
				DCE5DDC11E654AD000796094 /* PywAppDemoUITests */,
			);
		};
/* End PBXProject section */

/* Begin PBXResourcesBuildPhase section */
		DCE5DD9C1E654AD000796094 /* Resources */ = {
			isa = PBXResourcesBuildPhase;
			buildActionMask = 2147483647;
			files = (
				DCAE34831E666B0100B808DE /* toast_warning@3x.png in Resources */,
				DCAE347A1E666B0100B808DE /* toast_error@3x.png in Resources */,
				DCE5DDB11E654AD000796094 /* LaunchScreen.storyboard in Resources */,
				DCAE347D1E666B0100B808DE /* toast_info@3x.png in Resources */,
				DCAE34811E666B0100B808DE /* toast_warning.png in Resources */,
				DCE5DDAE1E654AD000796094 /* Assets.xcassets in Resources */,
				DCAE34791E666B0100B808DE /* toast_error@2x.png in Resources */,
				DCAE34801E666B0100B808DE /* toast_success@3x.png in Resources */,
				DCAE347C1E666B0100B808DE /* toast_info@2x.png in Resources */,
				DCAE34781E666B0100B808DE /* toast_error.png in Resources */,
				DCAE347E1E666B0100B808DE /* toast_success.png in Resources */,
				DCE5DDAC1E654AD000796094 /* Main.storyboard in Resources */,
				DCAE34821E666B0100B808DE /* toast_warning@2x.png in Resources */,
				DCAE347F1E666B0100B808DE /* toast_success@2x.png in Resources */,
				DCAE347B1E666B0100B808DE /* toast_info.png in Resources */,
			);
			runOnlyForDeploymentPostprocessing = 0;
		};
		DCE5DDB51E654AD000796094 /* Resources */ = {
			isa = PBXResourcesBuildPhase;
			buildActionMask = 2147483647;
			files = (
			);
			runOnlyForDeploymentPostprocessing = 0;
		};
		DCE5DDC01E654AD000796094 /* Resources */ = {
			isa = PBXResourcesBuildPhase;
			buildActionMask = 2147483647;
			files = (
			);
			runOnlyForDeploymentPostprocessing = 0;
		};
/* End PBXResourcesBuildPhase section */

/* Begin PBXSourcesBuildPhase section */
		DCE5DD9A1E654AD000796094 /* Sources */ = {
			isa = PBXSourcesBuildPhase;
			buildActionMask = 2147483647;
			files = (
				DCAE34891E669D6600B808DE /* PywHUDManager.m in Sources */,
				DCAE346A1E66600600B808DE /* PywToast.m in Sources */,
				DCE5DDA91E654AD000796094 /* ViewController.m in Sources */,
				DCE5DDA61E654AD000796094 /* AppDelegate.m in Sources */,
				DC45C24E1E68126000E30FE2 /* CountDownLabel.m in Sources */,
				DCE5DDDB1E654B5C00796094 /* PywCustomButton.m in Sources */,
				DC45C2521E6827F200E30FE2 /* PywTimerManager.m in Sources */,
				DCE5DDA31E654AD000796094 /* main.m in Sources */,
				DCAE34861E66725E00B808DE /* PywProgressHUD.m in Sources */,
				DC45C24B1E68084300E30FE2 /* OneViewController.m in Sources */,
			);
			runOnlyForDeploymentPostprocessing = 0;
		};
		DCE5DDB31E654AD000796094 /* Sources */ = {
			isa = PBXSourcesBuildPhase;
			buildActionMask = 2147483647;
			files = (
				DCE5DDBC1E654AD000796094 /* PywAppDemoTests.m in Sources */,
			);
			runOnlyForDeploymentPostprocessing = 0;
		};
		DCE5DDBE1E654AD000796094 /* Sources */ = {
			isa = PBXSourcesBuildPhase;
			buildActionMask = 2147483647;
			files = (
				DCE5DDC71E654AD000796094 /* PywAppDemoUITests.m in Sources */,
			);
			runOnlyForDeploymentPostprocessing = 0;
		};
/* End PBXSourcesBuildPhase section */

/* Begin PBXTargetDependency section */
		DCE5DDB91E654AD000796094 /* PBXTargetDependency */ = {
			isa = PBXTargetDependency;
			target = DCE5DD9D1E654AD000796094 /* PywAppDemo */;
			targetProxy = DCE5DDB81E654AD000796094 /* PBXContainerItemProxy */;
		};
		DCE5DDC41E654AD000796094 /* PBXTargetDependency */ = {
			isa = PBXTargetDependency;
			target = DCE5DD9D1E654AD000796094 /* PywAppDemo */;
			targetProxy = DCE5DDC31E654AD000796094 /* PBXContainerItemProxy */;
		};
/* End PBXTargetDependency section */

/* Begin PBXVariantGroup section */
		DCE5DDAA1E654AD000796094 /* Main.storyboard */ = {
			isa = PBXVariantGroup;
			children = (
				DCE5DDAB1E654AD000796094 /* Base */,
			);
			name = Main.storyboard;
			sourceTree = "<group>";
		};
		DCE5DDAF1E654AD000796094 /* LaunchScreen.storyboard */ = {
			isa = PBXVariantGroup;
			children = (
				DCE5DDB01E654AD000796094 /* Base */,
			);
			name = LaunchScreen.storyboard;
			sourceTree = "<group>";
		};
/* End PBXVariantGroup section */

/* Begin XCBuildConfiguration section */
		DCE5DDC91E654AD000796094 /* Debug */ = {
			isa = XCBuildConfiguration;
			buildSettings = {
				ALWAYS_SEARCH_USER_PATHS = NO;
				CLANG_ANALYZER_NONNULL = YES;
				CLANG_CXX_LANGUAGE_STANDARD = "gnu++0x";
				CLANG_CXX_LIBRARY = "libc++";
				CLANG_ENABLE_MODULES = YES;
				CLANG_ENABLE_OBJC_ARC = YES;
				CLANG_WARN_BOOL_CONVERSION = YES;
				CLANG_WARN_CONSTANT_CONVERSION = YES;
				CLANG_WARN_DIRECT_OBJC_ISA_USAGE = YES_ERROR;
				CLANG_WARN_DOCUMENTATION_COMMENTS = YES;
				CLANG_WARN_EMPTY_BODY = YES;
				CLANG_WARN_ENUM_CONVERSION = YES;
				CLANG_WARN_INFINITE_RECURSION = YES;
				CLANG_WARN_INT_CONVERSION = YES;
				CLANG_WARN_OBJC_ROOT_CLASS = YES_ERROR;
				CLANG_WARN_SUSPICIOUS_MOVE = YES;
				CLANG_WARN_UNREACHABLE_CODE = YES;
				CLANG_WARN__DUPLICATE_METHOD_MATCH = YES;
				"CODE_SIGN_IDENTITY[sdk=iphoneos*]" = "iPhone Developer";
				COPY_PHASE_STRIP = NO;
				DEBUG_INFORMATION_FORMAT = dwarf;
				ENABLE_STRICT_OBJC_MSGSEND = YES;
				ENABLE_TESTABILITY = YES;
				GCC_C_LANGUAGE_STANDARD = gnu99;
				GCC_DYNAMIC_NO_PIC = NO;
				GCC_NO_COMMON_BLOCKS = YES;
				GCC_OPTIMIZATION_LEVEL = 0;
				GCC_PREPROCESSOR_DEFINITIONS = (
					"DEBUG=1",
					"$(inherited)",
				);
				GCC_WARN_64_TO_32_BIT_CONVERSION = YES;
				GCC_WARN_ABOUT_RETURN_TYPE = YES_ERROR;
				GCC_WARN_UNDECLARED_SELECTOR = YES;
				GCC_WARN_UNINITIALIZED_AUTOS = YES_AGGRESSIVE;
				GCC_WARN_UNUSED_FUNCTION = YES;
				GCC_WARN_UNUSED_VARIABLE = YES;
				IPHONEOS_DEPLOYMENT_TARGET = 10.2;
				MTL_ENABLE_DEBUG_INFO = YES;
				ONLY_ACTIVE_ARCH = YES;
				SDKROOT = iphoneos;
				TARGETED_DEVICE_FAMILY = "1,2";
			};
			name = Debug;
		};
		DCE5DDCA1E654AD000796094 /* Release */ = {
			isa = XCBuildConfiguration;
			buildSettings = {
				ALWAYS_SEARCH_USER_PATHS = NO;
				CLANG_ANALYZER_NONNULL = YES;
				CLANG_CXX_LANGUAGE_STANDARD = "gnu++0x";
				CLANG_CXX_LIBRARY = "libc++";
				CLANG_ENABLE_MODULES = YES;
				CLANG_ENABLE_OBJC_ARC = YES;
				CLANG_WARN_BOOL_CONVERSION = YES;
				CLANG_WARN_CONSTANT_CONVERSION = YES;
				CLANG_WARN_DIRECT_OBJC_ISA_USAGE = YES_ERROR;
				CLANG_WARN_DOCUMENTATION_COMMENTS = YES;
				CLANG_WARN_EMPTY_BODY = YES;
				CLANG_WARN_ENUM_CONVERSION = YES;
				CLANG_WARN_INFINITE_RECURSION = YES;
				CLANG_WARN_INT_CONVERSION = YES;
				CLANG_WARN_OBJC_ROOT_CLASS = YES_ERROR;
				CLANG_WARN_SUSPICIOUS_MOVE = YES;
				CLANG_WARN_UNREACHABLE_CODE = YES;
				CLANG_WARN__DUPLICATE_METHOD_MATCH = YES;
				"CODE_SIGN_IDENTITY[sdk=iphoneos*]" = "iPhone Developer";
				COPY_PHASE_STRIP = NO;
				DEBUG_INFORMATION_FORMAT = "dwarf-with-dsym";
				ENABLE_NS_ASSERTIONS = NO;
				ENABLE_STRICT_OBJC_MSGSEND = YES;
				GCC_C_LANGUAGE_STANDARD = gnu99;
				GCC_NO_COMMON_BLOCKS = YES;
				GCC_WARN_64_TO_32_BIT_CONVERSION = YES;
				GCC_WARN_ABOUT_RETURN_TYPE = YES_ERROR;
				GCC_WARN_UNDECLARED_SELECTOR = YES;
				GCC_WARN_UNINITIALIZED_AUTOS = YES_AGGRESSIVE;
				GCC_WARN_UNUSED_FUNCTION = YES;
				GCC_WARN_UNUSED_VARIABLE = YES;
				IPHONEOS_DEPLOYMENT_TARGET = 10.2;
				MTL_ENABLE_DEBUG_INFO = NO;
				SDKROOT = iphoneos;
				TARGETED_DEVICE_FAMILY = "1,2";
				VALIDATE_PRODUCT = YES;
			};
			name = Release;
		};
		DCE5DDCC1E654AD000796094 /* Debug */ = {
			isa = XCBuildConfiguration;
			buildSettings = {
				ASSETCATALOG_COMPILER_APPICON_NAME = AppIcon;
				INFOPLIST_FILE = PywAppDemo/Info.plist;
				IPHONEOS_DEPLOYMENT_TARGET = 8.4;
				LD_RUNPATH_SEARCH_PATHS = "$(inherited) @executable_path/Frameworks";
				PRODUCT_BUNDLE_IDENTIFIER = com.ampaw.PywAppDemo;
				PRODUCT_NAME = "$(TARGET_NAME)";
			};
			name = Debug;
		};
		DCE5DDCD1E654AD000796094 /* Release */ = {
			isa = XCBuildConfiguration;
			buildSettings = {
				ASSETCATALOG_COMPILER_APPICON_NAME = AppIcon;
				INFOPLIST_FILE = PywAppDemo/Info.plist;
				IPHONEOS_DEPLOYMENT_TARGET = 8.4;
				LD_RUNPATH_SEARCH_PATHS = "$(inherited) @executable_path/Frameworks";
				PRODUCT_BUNDLE_IDENTIFIER = com.ampaw.PywAppDemo;
				PRODUCT_NAME = "$(TARGET_NAME)";
			};
			name = Release;
		};
		DCE5DDCF1E654AD000796094 /* Debug */ = {
			isa = XCBuildConfiguration;
			buildSettings = {
				BUNDLE_LOADER = "$(TEST_HOST)";
				INFOPLIST_FILE = PywAppDemoTests/Info.plist;
				LD_RUNPATH_SEARCH_PATHS = "$(inherited) @executable_path/Frameworks @loader_path/Frameworks";
				PRODUCT_BUNDLE_IDENTIFIER = com.ampaw.PywAppDemoTests;
				PRODUCT_NAME = "$(TARGET_NAME)";
				TEST_HOST = "$(BUILT_PRODUCTS_DIR)/PywAppDemo.app/PywAppDemo";
			};
			name = Debug;
		};
		DCE5DDD01E654AD000796094 /* Release */ = {
			isa = XCBuildConfiguration;
			buildSettings = {
				BUNDLE_LOADER = "$(TEST_HOST)";
				INFOPLIST_FILE = PywAppDemoTests/Info.plist;
				LD_RUNPATH_SEARCH_PATHS = "$(inherited) @executable_path/Frameworks @loader_path/Frameworks";
				PRODUCT_BUNDLE_IDENTIFIER = com.ampaw.PywAppDemoTests;
				PRODUCT_NAME = "$(TARGET_NAME)";
				TEST_HOST = "$(BUILT_PRODUCTS_DIR)/PywAppDemo.app/PywAppDemo";
			};
			name = Release;
		};
		DCE5DDD21E654AD000796094 /* Debug */ = {
			isa = XCBuildConfiguration;
			buildSettings = {
				INFOPLIST_FILE = PywAppDemoUITests/Info.plist;
				LD_RUNPATH_SEARCH_PATHS = "$(inherited) @executable_path/Frameworks @loader_path/Frameworks";
				PRODUCT_BUNDLE_IDENTIFIER = com.ampaw.PywAppDemoUITests;
				PRODUCT_NAME = "$(TARGET_NAME)";
				TEST_TARGET_NAME = PywAppDemo;
			};
			name = Debug;
		};
		DCE5DDD31E654AD000796094 /* Release */ = {
			isa = XCBuildConfiguration;
			buildSettings = {
				INFOPLIST_FILE = PywAppDemoUITests/Info.plist;
				LD_RUNPATH_SEARCH_PATHS = "$(inherited) @executable_path/Frameworks @loader_path/Frameworks";
				PRODUCT_BUNDLE_IDENTIFIER = com.ampaw.PywAppDemoUITests;
				PRODUCT_NAME = "$(TARGET_NAME)";
				TEST_TARGET_NAME = PywAppDemo;
			};
			name = Release;
		};
/* End XCBuildConfiguration section */

/* Begin XCConfigurationList section */
		DCE5DD991E654AD000796094 /* Build configuration list for PBXProject "PywAppDemo" */ = {
			isa = XCConfigurationList;
			buildConfigurations = (
				DCE5DDC91E654AD000796094 /* Debug */,
				DCE5DDCA1E654AD000796094 /* Release */,
			);
			defaultConfigurationIsVisible = 0;
			defaultConfigurationName = Release;
		};
		DCE5DDCB1E654AD000796094 /* Build configuration list for PBXNativeTarget "PywAppDemo" */ = {
			isa = XCConfigurationList;
			buildConfigurations = (
				DCE5DDCC1E654AD000796094 /* Debug */,
				DCE5DDCD1E654AD000796094 /* Release */,
			);
			defaultConfigurationIsVisible = 0;
			defaultConfigurationName = Release;
		};
		DCE5DDCE1E654AD000796094 /* Build configuration list for PBXNativeTarget "PywAppDemoTests" */ = {
			isa = XCConfigurationList;
			buildConfigurations = (
				DCE5DDCF1E654AD000796094 /* Debug */,
				DCE5DDD01E654AD000796094 /* Release */,
			);
			defaultConfigurationIsVisible = 0;
			defaultConfigurationName = Release;
		};
		DCE5DDD11E654AD000796094 /* Build configuration list for PBXNativeTarget "PywAppDemoUITests" */ = {
			isa = XCConfigurationList;
			buildConfigurations = (
				DCE5DDD21E654AD000796094 /* Debug */,
				DCE5DDD31E654AD000796094 /* Release */,
			);
			defaultConfigurationIsVisible = 0;
			defaultConfigurationName = Release;
		};
/* End XCConfigurationList section */
	};
	rootObject = DCE5DD961E654AD000796094 /* Project object */;
}
