// !$*UTF8*$!
{
	archiveVersion = 1;
	classes = {
	};
	objectVersion = 46;
	objects = {

/* Begin PBXBuildFile section */
		DC78017C1E65BB3100F0EB88 /* PywLoginCeShiView.m in Sources */ = {isa = PBXBuildFile; fileRef = DC78017B1E65BB3100F0EB88 /* PywLoginCeShiView.m */; };
		DC7801971E65BCE100F0EB88 /* MASCompositeConstraint.m in Sources */ = {isa = PBXBuildFile; fileRef = DC78017F1E65BCE100F0EB88 /* MASCompositeConstraint.m */; };
		DC7801981E65BCE100F0EB88 /* MASConstraint.m in Sources */ = {isa = PBXBuildFile; fileRef = DC7801821E65BCE100F0EB88 /* MASConstraint.m */; };
		DC7801991E65BCE100F0EB88 /* MASConstraintMaker.m in Sources */ = {isa = PBXBuildFile; fileRef = DC7801841E65BCE100F0EB88 /* MASConstraintMaker.m */; };
		DC78019A1E65BCE100F0EB88 /* MASLayoutConstraint.m in Sources */ = {isa = PBXBuildFile; fileRef = DC7801861E65BCE100F0EB88 /* MASLayoutConstraint.m */; };
		DC78019B1E65BCE100F0EB88 /* MASViewAttribute.m in Sources */ = {isa = PBXBuildFile; fileRef = DC78018A1E65BCE100F0EB88 /* MASViewAttribute.m */; };
		DC78019C1E65BCE100F0EB88 /* MASViewConstraint.m in Sources */ = {isa = PBXBuildFile; fileRef = DC78018C1E65BCE100F0EB88 /* MASViewConstraint.m */; };
		DC78019D1E65BCE100F0EB88 /* NSArray+MASAdditions.m in Sources */ = {isa = PBXBuildFile; fileRef = DC78018E1E65BCE100F0EB88 /* NSArray+MASAdditions.m */; };
		DC78019E1E65BCE100F0EB88 /* NSLayoutConstraint+MASDebugAdditions.m in Sources */ = {isa = PBXBuildFile; fileRef = DC7801911E65BCE100F0EB88 /* NSLayoutConstraint+MASDebugAdditions.m */; };
		DC78019F1E65BCE100F0EB88 /* View+MASAdditions.m in Sources */ = {isa = PBXBuildFile; fileRef = DC7801931E65BCE100F0EB88 /* View+MASAdditions.m */; };
		DC7801A01E65BCE100F0EB88 /* ViewController+MASAdditions.m in Sources */ = {isa = PBXBuildFile; fileRef = DC7801961E65BCE100F0EB88 /* ViewController+MASAdditions.m */; };
		DC7801B51E6C0D1400F0EB88 /* PywAlertSelectView.m in Sources */ = {isa = PBXBuildFile; fileRef = DC7801B41E6C0D1400F0EB88 /* PywAlertSelectView.m */; };
		DC7801B81E6C0D6000F0EB88 /* UIView+Frame.m in Sources */ = {isa = PBXBuildFile; fileRef = DC7801B71E6C0D6000F0EB88 /* UIView+Frame.m */; };
		DC7801BB1E6C0E4B00F0EB88 /* PywTextSize.m in Sources */ = {isa = PBXBuildFile; fileRef = DC7801BA1E6C0E4B00F0EB88 /* PywTextSize.m */; };
		DC9988791E6DB32A00174B64 /* PywLoginView.m in Sources */ = {isa = PBXBuildFile; fileRef = DC9988751E6DB32A00174B64 /* PywLoginView.m */; };
		DC99887A1E6DB32A00174B64 /* PywLoginView.m in Sources */ = {isa = PBXBuildFile; fileRef = DC9988751E6DB32A00174B64 /* PywLoginView.m */; };
		DC99887B1E6DB32A00174B64 /* PywLoginView.m in Sources */ = {isa = PBXBuildFile; fileRef = DC9988751E6DB32A00174B64 /* PywLoginView.m */; };
		DC99887C1E6DB32A00174B64 /* PywTextField.m in Sources */ = {isa = PBXBuildFile; fileRef = DC9988761E6DB32A00174B64 /* PywTextField.m */; };
		DC99887D1E6DB32A00174B64 /* PywTextField.m in Sources */ = {isa = PBXBuildFile; fileRef = DC9988761E6DB32A00174B64 /* PywTextField.m */; };
		DC99887E1E6DB32A00174B64 /* PywTextField.m in Sources */ = {isa = PBXBuildFile; fileRef = DC9988761E6DB32A00174B64 /* PywTextField.m */; };
		DCB5C6D81E6DA31A004C97B5 /* PywSelectAlertView.m in Sources */ = {isa = PBXBuildFile; fileRef = DCB5C6D71E6DA31A004C97B5 /* PywSelectAlertView.m */; };
		DCE5DDA31E654AD000796094 /* main.m in Sources */ = {isa = PBXBuildFile; fileRef = DCE5DDA21E654AD000796094 /* main.m */; };
		DCE5DDA61E654AD000796094 /* AppDelegate.m in Sources */ = {isa = PBXBuildFile; fileRef = DCE5DDA51E654AD000796094 /* AppDelegate.m */; };
		DCE5DDA91E654AD000796094 /* ViewController.m in Sources */ = {isa = PBXBuildFile; fileRef = DCE5DDA81E654AD000796094 /* ViewController.m */; };
		DCE5DDAC1E654AD000796094 /* Main.storyboard in Resources */ = {isa = PBXBuildFile; fileRef = DCE5DDAA1E654AD000796094 /* Main.storyboard */; };
		DCE5DDAE1E654AD000796094 /* Assets.xcassets in Resources */ = {isa = PBXBuildFile; fileRef = DCE5DDAD1E654AD000796094 /* Assets.xcassets */; };
		DCE5DDB11E654AD000796094 /* LaunchScreen.storyboard in Resources */ = {isa = PBXBuildFile; fileRef = DCE5DDAF1E654AD000796094 /* LaunchScreen.storyboard */; };
		DCE5DDBC1E654AD000796094 /* PywAppDemoTests.m in Sources */ = {isa = PBXBuildFile; fileRef = DCE5DDBB1E654AD000796094 /* PywAppDemoTests.m */; };
		DCE5DDC71E654AD000796094 /* PywAppDemoUITests.m in Sources */ = {isa = PBXBuildFile; fileRef = DCE5DDC61E654AD000796094 /* PywAppDemoUITests.m */; };
		DCE5DDDB1E654B5C00796094 /* Button.m in Sources */ = {isa = PBXBuildFile; fileRef = DCE5DDDA1E654B5C00796094 /* Button.m */; };
/* End PBXBuildFile section */

/* Begin PBXContainerItemProxy section */
		DCE5DDB81E654AD000796094 /* PBXContainerItemProxy */ = {
			isa = PBXContainerItemProxy;
			containerPortal = DCE5DD961E654AD000796094 /* Project object */;
			proxyType = 1;
			remoteGlobalIDString = DCE5DD9D1E654AD000796094;
			remoteInfo = PywAppDemo;
		};
		DCE5DDC31E654AD000796094 /* PBXContainerItemProxy */ = {
			isa = PBXContainerItemProxy;
			containerPortal = DCE5DD961E654AD000796094 /* Project object */;
			proxyType = 1;
			remoteGlobalIDString = DCE5DD9D1E654AD000796094;
			remoteInfo = PywAppDemo;
		};
/* End PBXContainerItemProxy section */

/* Begin PBXFileReference section */
		DC78017A1E65BB3100F0EB88 /* PywLoginCeShiView.h */ = {isa = PBXFileReference; fileEncoding = 4; lastKnownFileType = sourcecode.c.h; path = PywLoginCeShiView.h; sourceTree = "<group>"; };
		DC78017B1E65BB3100F0EB88 /* PywLoginCeShiView.m */ = {isa = PBXFileReference; fileEncoding = 4; lastKnownFileType = sourcecode.c.objc; path = PywLoginCeShiView.m; sourceTree = "<group>"; };
		DC78017E1E65BCE100F0EB88 /* MASCompositeConstraint.h */ = {isa = PBXFileReference; fileEncoding = 4; lastKnownFileType = sourcecode.c.h; path = MASCompositeConstraint.h; sourceTree = "<group>"; };
		DC78017F1E65BCE100F0EB88 /* MASCompositeConstraint.m */ = {isa = PBXFileReference; fileEncoding = 4; lastKnownFileType = sourcecode.c.objc; path = MASCompositeConstraint.m; sourceTree = "<group>"; };
		DC7801801E65BCE100F0EB88 /* MASConstraint+Private.h */ = {isa = PBXFileReference; fileEncoding = 4; lastKnownFileType = sourcecode.c.h; path = "MASConstraint+Private.h"; sourceTree = "<group>"; };
		DC7801811E65BCE100F0EB88 /* MASConstraint.h */ = {isa = PBXFileReference; fileEncoding = 4; lastKnownFileType = sourcecode.c.h; path = MASConstraint.h; sourceTree = "<group>"; };
		DC7801821E65BCE100F0EB88 /* MASConstraint.m */ = {isa = PBXFileReference; fileEncoding = 4; lastKnownFileType = sourcecode.c.objc; path = MASConstraint.m; sourceTree = "<group>"; };
		DC7801831E65BCE100F0EB88 /* MASConstraintMaker.h */ = {isa = PBXFileReference; fileEncoding = 4; lastKnownFileType = sourcecode.c.h; path = MASConstraintMaker.h; sourceTree = "<group>"; };
		DC7801841E65BCE100F0EB88 /* MASConstraintMaker.m */ = {isa = PBXFileReference; fileEncoding = 4; lastKnownFileType = sourcecode.c.objc; path = MASConstraintMaker.m; sourceTree = "<group>"; };
		DC7801851E65BCE100F0EB88 /* MASLayoutConstraint.h */ = {isa = PBXFileReference; fileEncoding = 4; lastKnownFileType = sourcecode.c.h; path = MASLayoutConstraint.h; sourceTree = "<group>"; };
		DC7801861E65BCE100F0EB88 /* MASLayoutConstraint.m */ = {isa = PBXFileReference; fileEncoding = 4; lastKnownFileType = sourcecode.c.objc; path = MASLayoutConstraint.m; sourceTree = "<group>"; };
		DC7801871E65BCE100F0EB88 /* Masonry.h */ = {isa = PBXFileReference; fileEncoding = 4; lastKnownFileType = sourcecode.c.h; path = Masonry.h; sourceTree = "<group>"; };
		DC7801881E65BCE100F0EB88 /* MASUtilities.h */ = {isa = PBXFileReference; fileEncoding = 4; lastKnownFileType = sourcecode.c.h; path = MASUtilities.h; sourceTree = "<group>"; };
		DC7801891E65BCE100F0EB88 /* MASViewAttribute.h */ = {isa = PBXFileReference; fileEncoding = 4; lastKnownFileType = sourcecode.c.h; path = MASViewAttribute.h; sourceTree = "<group>"; };
		DC78018A1E65BCE100F0EB88 /* MASViewAttribute.m */ = {isa = PBXFileReference; fileEncoding = 4; lastKnownFileType = sourcecode.c.objc; path = MASViewAttribute.m; sourceTree = "<group>"; };
		DC78018B1E65BCE100F0EB88 /* MASViewConstraint.h */ = {isa = PBXFileReference; fileEncoding = 4; lastKnownFileType = sourcecode.c.h; path = MASViewConstraint.h; sourceTree = "<group>"; };
		DC78018C1E65BCE100F0EB88 /* MASViewConstraint.m */ = {isa = PBXFileReference; fileEncoding = 4; lastKnownFileType = sourcecode.c.objc; path = MASViewConstraint.m; sourceTree = "<group>"; };
		DC78018D1E65BCE100F0EB88 /* NSArray+MASAdditions.h */ = {isa = PBXFileReference; fileEncoding = 4; lastKnownFileType = sourcecode.c.h; path = "NSArray+MASAdditions.h"; sourceTree = "<group>"; };
		DC78018E1E65BCE100F0EB88 /* NSArray+MASAdditions.m */ = {isa = PBXFileReference; fileEncoding = 4; lastKnownFileType = sourcecode.c.objc; path = "NSArray+MASAdditions.m"; sourceTree = "<group>"; };
		DC78018F1E65BCE100F0EB88 /* NSArray+MASShorthandAdditions.h */ = {isa = PBXFileReference; fileEncoding = 4; lastKnownFileType = sourcecode.c.h; path = "NSArray+MASShorthandAdditions.h"; sourceTree = "<group>"; };
		DC7801901E65BCE100F0EB88 /* NSLayoutConstraint+MASDebugAdditions.h */ = {isa = PBXFileReference; fileEncoding = 4; lastKnownFileType = sourcecode.c.h; path = "NSLayoutConstraint+MASDebugAdditions.h"; sourceTree = "<group>"; };
		DC7801911E65BCE100F0EB88 /* NSLayoutConstraint+MASDebugAdditions.m */ = {isa = PBXFileReference; fileEncoding = 4; lastKnownFileType = sourcecode.c.objc; path = "NSLayoutConstraint+MASDebugAdditions.m"; sourceTree = "<group>"; };
		DC7801921E65BCE100F0EB88 /* View+MASAdditions.h */ = {isa = PBXFileReference; fileEncoding = 4; lastKnownFileType = sourcecode.c.h; path = "View+MASAdditions.h"; sourceTree = "<group>"; };
		DC7801931E65BCE100F0EB88 /* View+MASAdditions.m */ = {isa = PBXFileReference; fileEncoding = 4; lastKnownFileType = sourcecode.c.objc; path = "View+MASAdditions.m"; sourceTree = "<group>"; };
		DC7801941E65BCE100F0EB88 /* View+MASShorthandAdditions.h */ = {isa = PBXFileReference; fileEncoding = 4; lastKnownFileType = sourcecode.c.h; path = "View+MASShorthandAdditions.h"; sourceTree = "<group>"; };
		DC7801951E65BCE100F0EB88 /* ViewController+MASAdditions.h */ = {isa = PBXFileReference; fileEncoding = 4; lastKnownFileType = sourcecode.c.h; path = "ViewController+MASAdditions.h"; sourceTree = "<group>"; };
		DC7801961E65BCE100F0EB88 /* ViewController+MASAdditions.m */ = {isa = PBXFileReference; fileEncoding = 4; lastKnownFileType = sourcecode.c.objc; path = "ViewController+MASAdditions.m"; sourceTree = "<group>"; };
		DC7801B31E6C0D1400F0EB88 /* PywAlertSelectView.h */ = {isa = PBXFileReference; fileEncoding = 4; lastKnownFileType = sourcecode.c.h; path = PywAlertSelectView.h; sourceTree = "<group>"; };
		DC7801B41E6C0D1400F0EB88 /* PywAlertSelectView.m */ = {isa = PBXFileReference; fileEncoding = 4; lastKnownFileType = sourcecode.c.objc; path = PywAlertSelectView.m; sourceTree = "<group>"; };
		DC7801B61E6C0D6000F0EB88 /* UIView+Frame.h */ = {isa = PBXFileReference; fileEncoding = 4; lastKnownFileType = sourcecode.c.h; path = "UIView+Frame.h"; sourceTree = "<group>"; };
		DC7801B71E6C0D6000F0EB88 /* UIView+Frame.m */ = {isa = PBXFileReference; fileEncoding = 4; lastKnownFileType = sourcecode.c.objc; path = "UIView+Frame.m"; sourceTree = "<group>"; };
		DC7801B91E6C0E4B00F0EB88 /* PywTextSize.h */ = {isa = PBXFileReference; fileEncoding = 4; lastKnownFileType = sourcecode.c.h; path = PywTextSize.h; sourceTree = "<group>"; };
		DC7801BA1E6C0E4B00F0EB88 /* PywTextSize.m */ = {isa = PBXFileReference; fileEncoding = 4; lastKnownFileType = sourcecode.c.objc; path = PywTextSize.m; sourceTree = "<group>"; };
		DC9988751E6DB32A00174B64 /* PywLoginView.m */ = {isa = PBXFileReference; fileEncoding = 4; lastKnownFileType = sourcecode.c.objc; path = PywLoginView.m; sourceTree = "<group>"; };
		DC9988761E6DB32A00174B64 /* PywTextField.m */ = {isa = PBXFileReference; fileEncoding = 4; lastKnownFileType = sourcecode.c.objc; path = PywTextField.m; sourceTree = "<group>"; };
		DC9988771E6DB32A00174B64 /* PywLoginView.h */ = {isa = PBXFileReference; fileEncoding = 4; lastKnownFileType = sourcecode.c.h; path = PywLoginView.h; sourceTree = "<group>"; };
		DC9988781E6DB32A00174B64 /* PywTextField.h */ = {isa = PBXFileReference; fileEncoding = 4; lastKnownFileType = sourcecode.c.h; path = PywTextField.h; sourceTree = "<group>"; };
		DCB5C6D61E6DA31A004C97B5 /* PywSelectAlertView.h */ = {isa = PBXFileReference; fileEncoding = 4; lastKnownFileType = sourcecode.c.h; path = PywSelectAlertView.h; sourceTree = "<group>"; };
		DCB5C6D71E6DA31A004C97B5 /* PywSelectAlertView.m */ = {isa = PBXFileReference; fileEncoding = 4; lastKnownFileType = sourcecode.c.objc; path = PywSelectAlertView.m; sourceTree = "<group>"; };
		DCE5DD9E1E654AD000796094 /* PywAppDemo.app */ = {isa = PBXFileReference; explicitFileType = wrapper.application; includeInIndex = 0; path = PywAppDemo.app; sourceTree = BUILT_PRODUCTS_DIR; };
		DCE5DDA21E654AD000796094 /* main.m */ = {isa = PBXFileReference; lastKnownFileType = sourcecode.c.objc; path = main.m; sourceTree = "<group>"; };
		DCE5DDA41E654AD000796094 /* AppDelegate.h */ = {isa = PBXFileReference; lastKnownFileType = sourcecode.c.h; path = AppDelegate.h; sourceTree = "<group>"; };
		DCE5DDA51E654AD000796094 /* AppDelegate.m */ = {isa = PBXFileReference; lastKnownFileType = sourcecode.c.objc; path = AppDelegate.m; sourceTree = "<group>"; };
		DCE5DDA71E654AD000796094 /* ViewController.h */ = {isa = PBXFileReference; lastKnownFileType = sourcecode.c.h; path = ViewController.h; sourceTree = "<group>"; };
		DCE5DDA81E654AD000796094 /* ViewController.m */ = {isa = PBXFileReference; lastKnownFileType = sourcecode.c.objc; path = ViewController.m; sourceTree = "<group>"; };
		DCE5DDAB1E654AD000796094 /* Base */ = {isa = PBXFileReference; lastKnownFileType = file.storyboard; name = Base; path = Base.lproj/Main.storyboard; sourceTree = "<group>"; };
		DCE5DDAD1E654AD000796094 /* Assets.xcassets */ = {isa = PBXFileReference; lastKnownFileType = folder.assetcatalog; path = Assets.xcassets; sourceTree = "<group>"; };
		DCE5DDB01E654AD000796094 /* Base */ = {isa = PBXFileReference; lastKnownFileType = file.storyboard; name = Base; path = Base.lproj/LaunchScreen.storyboard; sourceTree = "<group>"; };
		DCE5DDB21E654AD000796094 /* Info.plist */ = {isa = PBXFileReference; lastKnownFileType = text.plist.xml; path = Info.plist; sourceTree = "<group>"; };
		DCE5DDB71E654AD000796094 /* PywAppDemoTests.xctest */ = {isa = PBXFileReference; explicitFileType = wrapper.cfbundle; includeInIndex = 0; path = PywAppDemoTests.xctest; sourceTree = BUILT_PRODUCTS_DIR; };
		DCE5DDBB1E654AD000796094 /* PywAppDemoTests.m */ = {isa = PBXFileReference; lastKnownFileType = sourcecode.c.objc; path = PywAppDemoTests.m; sourceTree = "<group>"; };
		DCE5DDBD1E654AD000796094 /* Info.plist */ = {isa = PBXFileReference; lastKnownFileType = text.plist.xml; path = Info.plist; sourceTree = "<group>"; };
		DCE5DDC21E654AD000796094 /* PywAppDemoUITests.xctest */ = {isa = PBXFileReference; explicitFileType = wrapper.cfbundle; includeInIndex = 0; path = PywAppDemoUITests.xctest; sourceTree = BUILT_PRODUCTS_DIR; };
		DCE5DDC61E654AD000796094 /* PywAppDemoUITests.m */ = {isa = PBXFileReference; lastKnownFileType = sourcecode.c.objc; path = PywAppDemoUITests.m; sourceTree = "<group>"; };
		DCE5DDC81E654AD000796094 /* Info.plist */ = {isa = PBXFileReference; lastKnownFileType = text.plist.xml; path = Info.plist; sourceTree = "<group>"; };
		DCE5DDD91E654B5C00796094 /* Button.h */ = {isa = PBXFileReference; fileEncoding = 4; lastKnownFileType = sourcecode.c.h; path = Button.h; sourceTree = "<group>"; };
		DCE5DDDA1E654B5C00796094 /* Button.m */ = {isa = PBXFileReference; fileEncoding = 4; lastKnownFileType = sourcecode.c.objc; path = Button.m; sourceTree = "<group>"; };
/* End PBXFileReference section */

/* Begin PBXFrameworksBuildPhase section */
		DCE5DD9B1E654AD000796094 /* Frameworks */ = {
			isa = PBXFrameworksBuildPhase;
			buildActionMask = 2147483647;
			files = (
			);
			runOnlyForDeploymentPostprocessing = 0;
		};
		DCE5DDB41E654AD000796094 /* Frameworks */ = {
			isa = PBXFrameworksBuildPhase;
			buildActionMask = 2147483647;
			files = (
			);
			runOnlyForDeploymentPostprocessing = 0;
		};
		DCE5DDBF1E654AD000796094 /* Frameworks */ = {
			isa = PBXFrameworksBuildPhase;
			buildActionMask = 2147483647;
			files = (
			);
			runOnlyForDeploymentPostprocessing = 0;
		};
/* End PBXFrameworksBuildPhase section */

/* Begin PBXGroup section */
		DC7801791E65BB1C00F0EB88 /* Login */ = {
			isa = PBXGroup;
			children = (
				DC9988771E6DB32A00174B64 /* PywLoginView.h */,
				DC9988751E6DB32A00174B64 /* PywLoginView.m */,
				DC9988781E6DB32A00174B64 /* PywTextField.h */,
				DC9988761E6DB32A00174B64 /* PywTextField.m */,
				DC78017A1E65BB3100F0EB88 /* PywLoginCeShiView.h */,
				DC78017B1E65BB3100F0EB88 /* PywLoginCeShiView.m */,
				DC7801B31E6C0D1400F0EB88 /* PywAlertSelectView.h */,
				DC7801B41E6C0D1400F0EB88 /* PywAlertSelectView.m */,
				DC7801B61E6C0D6000F0EB88 /* UIView+Frame.h */,
				DC7801B71E6C0D6000F0EB88 /* UIView+Frame.m */,
				DC7801B91E6C0E4B00F0EB88 /* PywTextSize.h */,
				DC7801BA1E6C0E4B00F0EB88 /* PywTextSize.m */,
				DCB5C6D61E6DA31A004C97B5 /* PywSelectAlertView.h */,
				DCB5C6D71E6DA31A004C97B5 /* PywSelectAlertView.m */,
			);
			path = Login;
			sourceTree = "<group>";
		};
		DC78017D1E65BCE100F0EB88 /* Masonry */ = {
			isa = PBXGroup;
			children = (
				DC78017E1E65BCE100F0EB88 /* MASCompositeConstraint.h */,
				DC78017F1E65BCE100F0EB88 /* MASCompositeConstraint.m */,
				DC7801801E65BCE100F0EB88 /* MASConstraint+Private.h */,
				DC7801811E65BCE100F0EB88 /* MASConstraint.h */,
				DC7801821E65BCE100F0EB88 /* MASConstraint.m */,
				DC7801831E65BCE100F0EB88 /* MASConstraintMaker.h */,
				DC7801841E65BCE100F0EB88 /* MASConstraintMaker.m */,
				DC7801851E65BCE100F0EB88 /* MASLayoutConstraint.h */,
				DC7801861E65BCE100F0EB88 /* MASLayoutConstraint.m */,
				DC7801871E65BCE100F0EB88 /* Masonry.h */,
				DC7801881E65BCE100F0EB88 /* MASUtilities.h */,
				DC7801891E65BCE100F0EB88 /* MASViewAttribute.h */,
				DC78018A1E65BCE100F0EB88 /* MASViewAttribute.m */,
				DC78018B1E65BCE100F0EB88 /* MASViewConstraint.h */,
				DC78018C1E65BCE100F0EB88 /* MASViewConstraint.m */,
				DC78018D1E65BCE100F0EB88 /* NSArray+MASAdditions.h */,
				DC78018E1E65BCE100F0EB88 /* NSArray+MASAdditions.m */,
				DC78018F1E65BCE100F0EB88 /* NSArray+MASShorthandAdditions.h */,
				DC7801901E65BCE100F0EB88 /* NSLayoutConstraint+MASDebugAdditions.h */,
				DC7801911E65BCE100F0EB88 /* NSLayoutConstraint+MASDebugAdditions.m */,
				DC7801921E65BCE100F0EB88 /* View+MASAdditions.h */,
				DC7801931E65BCE100F0EB88 /* View+MASAdditions.m */,
				DC7801941E65BCE100F0EB88 /* View+MASShorthandAdditions.h */,
				DC7801951E65BCE100F0EB88 /* ViewController+MASAdditions.h */,
				DC7801961E65BCE100F0EB88 /* ViewController+MASAdditions.m */,
			);
			path = Masonry;
			sourceTree = "<group>";
		};
		DCE5DD951E654AD000796094 = {
			isa = PBXGroup;
			children = (
				DCE5DDA01E654AD000796094 /* PywAppDemo */,
				DCE5DDBA1E654AD000796094 /* PywAppDemoTests */,
				DCE5DDC51E654AD000796094 /* PywAppDemoUITests */,
				DCE5DD9F1E654AD000796094 /* Products */,
			);
			sourceTree = "<group>";
		};
		DCE5DD9F1E654AD000796094 /* Products */ = {
			isa = PBXGroup;
			children = (
				DCE5DD9E1E654AD000796094 /* PywAppDemo.app */,
				DCE5DDB71E654AD000796094 /* PywAppDemoTests.xctest */,
				DCE5DDC21E654AD000796094 /* PywAppDemoUITests.xctest */,
			);
			name = Products;
			sourceTree = "<group>";
		};
		DCE5DDA01E654AD000796094 /* PywAppDemo */ = {
			isa = PBXGroup;
			children = (
				DC78017D1E65BCE100F0EB88 /* Masonry */,
				DC7801791E65BB1C00F0EB88 /* Login */,
				DCE5DDD81E654B5C00796094 /* PywButton */,
				DCE5DDA41E654AD000796094 /* AppDelegate.h */,
				DCE5DDA51E654AD000796094 /* AppDelegate.m */,
				DCE5DDA71E654AD000796094 /* ViewController.h */,
				DCE5DDA81E654AD000796094 /* ViewController.m */,
				DCE5DDAA1E654AD000796094 /* Main.storyboard */,
				DCE5DDAD1E654AD000796094 /* Assets.xcassets */,
				DCE5DDAF1E654AD000796094 /* LaunchScreen.storyboard */,
				DCE5DDB21E654AD000796094 /* Info.plist */,
				DCE5DDA11E654AD000796094 /* Supporting Files */,
			);
			path = PywAppDemo;
			sourceTree = "<group>";
		};
		DCE5DDA11E654AD000796094 /* Supporting Files */ = {
			isa = PBXGroup;
			children = (
				DCE5DDA21E654AD000796094 /* main.m */,
			);
			name = "Supporting Files";
			sourceTree = "<group>";
		};
		DCE5DDBA1E654AD000796094 /* PywAppDemoTests */ = {
			isa = PBXGroup;
			children = (
				DCE5DDBB1E654AD000796094 /* PywAppDemoTests.m */,
				DCE5DDBD1E654AD000796094 /* Info.plist */,
			);
			path = PywAppDemoTests;
			sourceTree = "<group>";
		};
		DCE5DDC51E654AD000796094 /* PywAppDemoUITests */ = {
			isa = PBXGroup;
			children = (
				DCE5DDC61E654AD000796094 /* PywAppDemoUITests.m */,
				DCE5DDC81E654AD000796094 /* Info.plist */,
			);
			path = PywAppDemoUITests;
			sourceTree = "<group>";
		};
		DCE5DDD81E654B5C00796094 /* PywButton */ = {
			isa = PBXGroup;
			children = (
				DCE5DDD91E654B5C00796094 /* Button.h */,
				DCE5DDDA1E654B5C00796094 /* Button.m */,
			);
			path = PywButton;
			sourceTree = "<group>";
		};
/* End PBXGroup section */

/* Begin PBXNativeTarget section */
		DCE5DD9D1E654AD000796094 /* PywAppDemo */ = {
			isa = PBXNativeTarget;
			buildConfigurationList = DCE5DDCB1E654AD000796094 /* Build configuration list for PBXNativeTarget "PywAppDemo" */;
			buildPhases = (
				DCE5DD9A1E654AD000796094 /* Sources */,
				DCE5DD9B1E654AD000796094 /* Frameworks */,
				DCE5DD9C1E654AD000796094 /* Resources */,
			);
			buildRules = (
			);
			dependencies = (
			);
			name = PywAppDemo;
			productName = PywAppDemo;
			productReference = DCE5DD9E1E654AD000796094 /* PywAppDemo.app */;
			productType = "com.apple.product-type.application";
		};
		DCE5DDB61E654AD000796094 /* PywAppDemoTests */ = {
			isa = PBXNativeTarget;
			buildConfigurationList = DCE5DDCE1E654AD000796094 /* Build configuration list for PBXNativeTarget "PywAppDemoTests" */;
			buildPhases = (
				DCE5DDB31E654AD000796094 /* Sources */,
				DCE5DDB41E654AD000796094 /* Frameworks */,
				DCE5DDB51E654AD000796094 /* Resources */,
			);
			buildRules = (
			);
			dependencies = (
				DCE5DDB91E654AD000796094 /* PBXTargetDependency */,
			);
			name = PywAppDemoTests;
			productName = PywAppDemoTests;
			productReference = DCE5DDB71E654AD000796094 /* PywAppDemoTests.xctest */;
			productType = "com.apple.product-type.bundle.unit-test";
		};
		DCE5DDC11E654AD000796094 /* PywAppDemoUITests */ = {
			isa = PBXNativeTarget;
			buildConfigurationList = DCE5DDD11E654AD000796094 /* Build configuration list for PBXNativeTarget "PywAppDemoUITests" */;
			buildPhases = (
				DCE5DDBE1E654AD000796094 /* Sources */,
				DCE5DDBF1E654AD000796094 /* Frameworks */,
				DCE5DDC01E654AD000796094 /* Resources */,
			);
			buildRules = (
			);
			dependencies = (
				DCE5DDC41E654AD000796094 /* PBXTargetDependency */,
			);
			name = PywAppDemoUITests;
			productName = PywAppDemoUITests;
			productReference = DCE5DDC21E654AD000796094 /* PywAppDemoUITests.xctest */;
			productType = "com.apple.product-type.bundle.ui-testing";
		};
/* End PBXNativeTarget section */

/* Begin PBXProject section */
		DCE5DD961E654AD000796094 /* Project object */ = {
			isa = PBXProject;
			attributes = {
				LastUpgradeCheck = 0820;
				ORGANIZATIONNAME = Ampaw;
				TargetAttributes = {
					DCE5DD9D1E654AD000796094 = {
						CreatedOnToolsVersion = 8.2.1;
						ProvisioningStyle = Automatic;
					};
					DCE5DDB61E654AD000796094 = {
						CreatedOnToolsVersion = 8.2.1;
						ProvisioningStyle = Automatic;
						TestTargetID = DCE5DD9D1E654AD000796094;
					};
					DCE5DDC11E654AD000796094 = {
						CreatedOnToolsVersion = 8.2.1;
						ProvisioningStyle = Automatic;
						TestTargetID = DCE5DD9D1E654AD000796094;
					};
				};
			};
			buildConfigurationList = DCE5DD991E654AD000796094 /* Build configuration list for PBXProject "PywAppDemo" */;
			compatibilityVersion = "Xcode 3.2";
			developmentRegion = English;
			hasScannedForEncodings = 0;
			knownRegions = (
				en,
				Base,
			);
			mainGroup = DCE5DD951E654AD000796094;
			productRefGroup = DCE5DD9F1E654AD000796094 /* Products */;
			projectDirPath = "";
			projectRoot = "";
			targets = (
				DCE5DD9D1E654AD000796094 /* PywAppDemo */,
				DCE5DDB61E654AD000796094 /* PywAppDemoTests */,
				DCE5DDC11E654AD000796094 /* PywAppDemoUITests */,
			);
		};
/* End PBXProject section */

/* Begin PBXResourcesBuildPhase section */
		DCE5DD9C1E654AD000796094 /* Resources */ = {
			isa = PBXResourcesBuildPhase;
			buildActionMask = 2147483647;
			files = (
				DCE5DDB11E654AD000796094 /* LaunchScreen.storyboard in Resources */,
				DCE5DDAE1E654AD000796094 /* Assets.xcassets in Resources */,
				DCE5DDAC1E654AD000796094 /* Main.storyboard in Resources */,
			);
			runOnlyForDeploymentPostprocessing = 0;
		};
		DCE5DDB51E654AD000796094 /* Resources */ = {
			isa = PBXResourcesBuildPhase;
			buildActionMask = 2147483647;
			files = (
			);
			runOnlyForDeploymentPostprocessing = 0;
		};
		DCE5DDC01E654AD000796094 /* Resources */ = {
			isa = PBXResourcesBuildPhase;
			buildActionMask = 2147483647;
			files = (
			);
			runOnlyForDeploymentPostprocessing = 0;
		};
/* End PBXResourcesBuildPhase section */

/* Begin PBXSourcesBuildPhase section */
		DCE5DD9A1E654AD000796094 /* Sources */ = {
			isa = PBXSourcesBuildPhase;
			buildActionMask = 2147483647;
			files = (
				DC78019E1E65BCE100F0EB88 /* NSLayoutConstraint+MASDebugAdditions.m in Sources */,
				DC9988791E6DB32A00174B64 /* PywLoginView.m in Sources */,
				DCE5DDA91E654AD000796094 /* ViewController.m in Sources */,
				DC7801B51E6C0D1400F0EB88 /* PywAlertSelectView.m in Sources */,
				DC78019C1E65BCE100F0EB88 /* MASViewConstraint.m in Sources */,
				DC78017C1E65BB3100F0EB88 /* PywLoginCeShiView.m in Sources */,
				DCE5DDA61E654AD000796094 /* AppDelegate.m in Sources */,
				DC7801BB1E6C0E4B00F0EB88 /* PywTextSize.m in Sources */,
				DCE5DDDB1E654B5C00796094 /* Button.m in Sources */,
				DC99887C1E6DB32A00174B64 /* PywTextField.m in Sources */,
				DCB5C6D81E6DA31A004C97B5 /* PywSelectAlertView.m in Sources */,
				DC78019F1E65BCE100F0EB88 /* View+MASAdditions.m in Sources */,
				DC7801971E65BCE100F0EB88 /* MASCompositeConstraint.m in Sources */,
				DC78019B1E65BCE100F0EB88 /* MASViewAttribute.m in Sources */,
				DC7801991E65BCE100F0EB88 /* MASConstraintMaker.m in Sources */,
				DC78019D1E65BCE100F0EB88 /* NSArray+MASAdditions.m in Sources */,
				DC7801A01E65BCE100F0EB88 /* ViewController+MASAdditions.m in Sources */,
				DC7801981E65BCE100F0EB88 /* MASConstraint.m in Sources */,
				DC7801B81E6C0D6000F0EB88 /* UIView+Frame.m in Sources */,
				DC78019A1E65BCE100F0EB88 /* MASLayoutConstraint.m in Sources */,
				DCE5DDA31E654AD000796094 /* main.m in Sources */,
			);
			runOnlyForDeploymentPostprocessing = 0;
		};
		DCE5DDB31E654AD000796094 /* Sources */ = {
			isa = PBXSourcesBuildPhase;
			buildActionMask = 2147483647;
			files = (
				DC99887D1E6DB32A00174B64 /* PywTextField.m in Sources */,
				DCE5DDBC1E654AD000796094 /* PywAppDemoTests.m in Sources */,
				DC99887A1E6DB32A00174B64 /* PywLoginView.m in Sources */,
			);
			runOnlyForDeploymentPostprocessing = 0;
		};
		DCE5DDBE1E654AD000796094 /* Sources */ = {
			isa = PBXSourcesBuildPhase;
			buildActionMask = 2147483647;
			files = (
				DC99887E1E6DB32A00174B64 /* PywTextField.m in Sources */,
				DCE5DDC71E654AD000796094 /* PywAppDemoUITests.m in Sources */,
				DC99887B1E6DB32A00174B64 /* PywLoginView.m in Sources */,
			);
			runOnlyForDeploymentPostprocessing = 0;
		};
/* End PBXSourcesBuildPhase section */

/* Begin PBXTargetDependency section */
		DCE5DDB91E654AD000796094 /* PBXTargetDependency */ = {
			isa = PBXTargetDependency;
			target = DCE5DD9D1E654AD000796094 /* PywAppDemo */;
			targetProxy = DCE5DDB81E654AD000796094 /* PBXContainerItemProxy */;
		};
		DCE5DDC41E654AD000796094 /* PBXTargetDependency */ = {
			isa = PBXTargetDependency;
			target = DCE5DD9D1E654AD000796094 /* PywAppDemo */;
			targetProxy = DCE5DDC31E654AD000796094 /* PBXContainerItemProxy */;
		};
/* End PBXTargetDependency section */

/* Begin PBXVariantGroup section */
		DCE5DDAA1E654AD000796094 /* Main.storyboard */ = {
			isa = PBXVariantGroup;
			children = (
				DCE5DDAB1E654AD000796094 /* Base */,
			);
			name = Main.storyboard;
			sourceTree = "<group>";
		};
		DCE5DDAF1E654AD000796094 /* LaunchScreen.storyboard */ = {
			isa = PBXVariantGroup;
			children = (
				DCE5DDB01E654AD000796094 /* Base */,
			);
			name = LaunchScreen.storyboard;
			sourceTree = "<group>";
		};
/* End PBXVariantGroup section */

/* Begin XCBuildConfiguration section */
		DCE5DDC91E654AD000796094 /* Debug */ = {
			isa = XCBuildConfiguration;
			buildSettings = {
				ALWAYS_SEARCH_USER_PATHS = NO;
				CLANG_ANALYZER_NONNULL = YES;
				CLANG_CXX_LANGUAGE_STANDARD = "gnu++0x";
				CLANG_CXX_LIBRARY = "libc++";
				CLANG_ENABLE_MODULES = YES;
				CLANG_ENABLE_OBJC_ARC = YES;
				CLANG_WARN_BOOL_CONVERSION = YES;
				CLANG_WARN_CONSTANT_CONVERSION = YES;
				CLANG_WARN_DIRECT_OBJC_ISA_USAGE = YES_ERROR;
				CLANG_WARN_DOCUMENTATION_COMMENTS = YES;
				CLANG_WARN_EMPTY_BODY = YES;
				CLANG_WARN_ENUM_CONVERSION = YES;
				CLANG_WARN_INFINITE_RECURSION = YES;
				CLANG_WARN_INT_CONVERSION = YES;
				CLANG_WARN_OBJC_ROOT_CLASS = YES_ERROR;
				CLANG_WARN_SUSPICIOUS_MOVE = YES;
				CLANG_WARN_UNREACHABLE_CODE = YES;
				CLANG_WARN__DUPLICATE_METHOD_MATCH = YES;
				"CODE_SIGN_IDENTITY[sdk=iphoneos*]" = "iPhone Developer";
				COPY_PHASE_STRIP = NO;
				DEBUG_INFORMATION_FORMAT = dwarf;
				ENABLE_STRICT_OBJC_MSGSEND = YES;
				ENABLE_TESTABILITY = YES;
				GCC_C_LANGUAGE_STANDARD = gnu99;
				GCC_DYNAMIC_NO_PIC = NO;
				GCC_NO_COMMON_BLOCKS = YES;
				GCC_OPTIMIZATION_LEVEL = 0;
				GCC_PREPROCESSOR_DEFINITIONS = (
					"DEBUG=1",
					"$(inherited)",
				);
				GCC_WARN_64_TO_32_BIT_CONVERSION = YES;
				GCC_WARN_ABOUT_RETURN_TYPE = YES_ERROR;
				GCC_WARN_UNDECLARED_SELECTOR = YES;
				GCC_WARN_UNINITIALIZED_AUTOS = YES_AGGRESSIVE;
				GCC_WARN_UNUSED_FUNCTION = YES;
				GCC_WARN_UNUSED_VARIABLE = YES;
				IPHONEOS_DEPLOYMENT_TARGET = 10.2;
				MTL_ENABLE_DEBUG_INFO = YES;
				ONLY_ACTIVE_ARCH = YES;
				SDKROOT = iphoneos;
				TARGETED_DEVICE_FAMILY = "1,2";
			};
			name = Debug;
		};
		DCE5DDCA1E654AD000796094 /* Release */ = {
			isa = XCBuildConfiguration;
			buildSettings = {
				ALWAYS_SEARCH_USER_PATHS = NO;
				CLANG_ANALYZER_NONNULL = YES;
				CLANG_CXX_LANGUAGE_STANDARD = "gnu++0x";
				CLANG_CXX_LIBRARY = "libc++";
				CLANG_ENABLE_MODULES = YES;
				CLANG_ENABLE_OBJC_ARC = YES;
				CLANG_WARN_BOOL_CONVERSION = YES;
				CLANG_WARN_CONSTANT_CONVERSION = YES;
				CLANG_WARN_DIRECT_OBJC_ISA_USAGE = YES_ERROR;
				CLANG_WARN_DOCUMENTATION_COMMENTS = YES;
				CLANG_WARN_EMPTY_BODY = YES;
				CLANG_WARN_ENUM_CONVERSION = YES;
				CLANG_WARN_INFINITE_RECURSION = YES;
				CLANG_WARN_INT_CONVERSION = YES;
				CLANG_WARN_OBJC_ROOT_CLASS = YES_ERROR;
				CLANG_WARN_SUSPICIOUS_MOVE = YES;
				CLANG_WARN_UNREACHABLE_CODE = YES;
				CLANG_WARN__DUPLICATE_METHOD_MATCH = YES;
				"CODE_SIGN_IDENTITY[sdk=iphoneos*]" = "iPhone Developer";
				COPY_PHASE_STRIP = NO;
				DEBUG_INFORMATION_FORMAT = "dwarf-with-dsym";
				ENABLE_NS_ASSERTIONS = NO;
				ENABLE_STRICT_OBJC_MSGSEND = YES;
				GCC_C_LANGUAGE_STANDARD = gnu99;
				GCC_NO_COMMON_BLOCKS = YES;
				GCC_WARN_64_TO_32_BIT_CONVERSION = YES;
				GCC_WARN_ABOUT_RETURN_TYPE = YES_ERROR;
				GCC_WARN_UNDECLARED_SELECTOR = YES;
				GCC_WARN_UNINITIALIZED_AUTOS = YES_AGGRESSIVE;
				GCC_WARN_UNUSED_FUNCTION = YES;
				GCC_WARN_UNUSED_VARIABLE = YES;
				IPHONEOS_DEPLOYMENT_TARGET = 10.2;
				MTL_ENABLE_DEBUG_INFO = NO;
				SDKROOT = iphoneos;
				TARGETED_DEVICE_FAMILY = "1,2";
				VALIDATE_PRODUCT = YES;
			};
			name = Release;
		};
		DCE5DDCC1E654AD000796094 /* Debug */ = {
			isa = XCBuildConfiguration;
			buildSettings = {
				ASSETCATALOG_COMPILER_APPICON_NAME = AppIcon;
				INFOPLIST_FILE = PywAppDemo/Info.plist;
				IPHONEOS_DEPLOYMENT_TARGET = 8.4;
				LD_RUNPATH_SEARCH_PATHS = "$(inherited) @executable_path/Frameworks";
				PRODUCT_BUNDLE_IDENTIFIER = com.ampaw.PywAppDemo;
				PRODUCT_NAME = "$(TARGET_NAME)";
			};
			name = Debug;
		};
		DCE5DDCD1E654AD000796094 /* Release */ = {
			isa = XCBuildConfiguration;
			buildSettings = {
				ASSETCATALOG_COMPILER_APPICON_NAME = AppIcon;
				INFOPLIST_FILE = PywAppDemo/Info.plist;
				IPHONEOS_DEPLOYMENT_TARGET = 8.4;
				LD_RUNPATH_SEARCH_PATHS = "$(inherited) @executable_path/Frameworks";
				PRODUCT_BUNDLE_IDENTIFIER = com.ampaw.PywAppDemo;
				PRODUCT_NAME = "$(TARGET_NAME)";
			};
			name = Release;
		};
		DCE5DDCF1E654AD000796094 /* Debug */ = {
			isa = XCBuildConfiguration;
			buildSettings = {
				BUNDLE_LOADER = "$(TEST_HOST)";
				INFOPLIST_FILE = PywAppDemoTests/Info.plist;
				LD_RUNPATH_SEARCH_PATHS = "$(inherited) @executable_path/Frameworks @loader_path/Frameworks";
				PRODUCT_BUNDLE_IDENTIFIER = com.ampaw.PywAppDemoTests;
				PRODUCT_NAME = "$(TARGET_NAME)";
				TEST_HOST = "$(BUILT_PRODUCTS_DIR)/PywAppDemo.app/PywAppDemo";
			};
			name = Debug;
		};
		DCE5DDD01E654AD000796094 /* Release */ = {
			isa = XCBuildConfiguration;
			buildSettings = {
				BUNDLE_LOADER = "$(TEST_HOST)";
				INFOPLIST_FILE = PywAppDemoTests/Info.plist;
				LD_RUNPATH_SEARCH_PATHS = "$(inherited) @executable_path/Frameworks @loader_path/Frameworks";
				PRODUCT_BUNDLE_IDENTIFIER = com.ampaw.PywAppDemoTests;
				PRODUCT_NAME = "$(TARGET_NAME)";
				TEST_HOST = "$(BUILT_PRODUCTS_DIR)/PywAppDemo.app/PywAppDemo";
			};
			name = Release;
		};
		DCE5DDD21E654AD000796094 /* Debug */ = {
			isa = XCBuildConfiguration;
			buildSettings = {
				INFOPLIST_FILE = PywAppDemoUITests/Info.plist;
				LD_RUNPATH_SEARCH_PATHS = "$(inherited) @executable_path/Frameworks @loader_path/Frameworks";
				PRODUCT_BUNDLE_IDENTIFIER = com.ampaw.PywAppDemoUITests;
				PRODUCT_NAME = "$(TARGET_NAME)";
				TEST_TARGET_NAME = PywAppDemo;
			};
			name = Debug;
		};
		DCE5DDD31E654AD000796094 /* Release */ = {
			isa = XCBuildConfiguration;
			buildSettings = {
				INFOPLIST_FILE = PywAppDemoUITests/Info.plist;
				LD_RUNPATH_SEARCH_PATHS = "$(inherited) @executable_path/Frameworks @loader_path/Frameworks";
				PRODUCT_BUNDLE_IDENTIFIER = com.ampaw.PywAppDemoUITests;
				PRODUCT_NAME = "$(TARGET_NAME)";
				TEST_TARGET_NAME = PywAppDemo;
			};
			name = Release;
		};
/* End XCBuildConfiguration section */

/* Begin XCConfigurationList section */
		DCE5DD991E654AD000796094 /* Build configuration list for PBXProject "PywAppDemo" */ = {
			isa = XCConfigurationList;
			buildConfigurations = (
				DCE5DDC91E654AD000796094 /* Debug */,
				DCE5DDCA1E654AD000796094 /* Release */,
			);
			defaultConfigurationIsVisible = 0;
			defaultConfigurationName = Release;
		};
		DCE5DDCB1E654AD000796094 /* Build configuration list for PBXNativeTarget "PywAppDemo" */ = {
			isa = XCConfigurationList;
			buildConfigurations = (
				DCE5DDCC1E654AD000796094 /* Debug */,
				DCE5DDCD1E654AD000796094 /* Release */,
			);
			defaultConfigurationIsVisible = 0;
			defaultConfigurationName = Release;
		};
		DCE5DDCE1E654AD000796094 /* Build configuration list for PBXNativeTarget "PywAppDemoTests" */ = {
			isa = XCConfigurationList;
			buildConfigurations = (
				DCE5DDCF1E654AD000796094 /* Debug */,
				DCE5DDD01E654AD000796094 /* Release */,
			);
			defaultConfigurationIsVisible = 0;
			defaultConfigurationName = Release;
		};
		DCE5DDD11E654AD000796094 /* Build configuration list for PBXNativeTarget "PywAppDemoUITests" */ = {
			isa = XCConfigurationList;
			buildConfigurations = (
				DCE5DDD21E654AD000796094 /* Debug */,
				DCE5DDD31E654AD000796094 /* Release */,
			);
			defaultConfigurationIsVisible = 0;
			defaultConfigurationName = Release;
		};
/* End XCConfigurationList section */
	};
	rootObject = DCE5DD961E654AD000796094 /* Project object */;
}
